
Microsoft Visual Studio Solution File, Format Version 12.00
# Visual Studio 15
Project("{FAE04EC0-301F-11D3-BF4B-00C04F79EFBC}") = "ARUIstartmenu", "ARUIstartmenu.csproj", "{19574B39-7BC7-FDB5-88E8-D8D4662A16DF}"
EndProject
Global
	GlobalSection(SolutionConfigurationPlatforms) = preSolution
		Debug|Any CPU = Debug|Any CPU
		Release|Any CPU = Release|Any CPU
	EndGlobalSection
	GlobalSection(ProjectConfigurationPlatforms) = postSolution
		{19574B39-7BC7-FDB5-88E8-D8D4662A16DF}.Debug|Any CPU.ActiveCfg = Debug|Any CPU
		{19574B39-7BC7-FDB5-88E8-D8D4662A16DF}.Debug|Any CPU.Build.0 = Debug|Any CPU
		{19574B39-7BC7-FDB5-88E8-D8D4662A16DF}.Release|Any CPU.ActiveCfg = Release|Any CPU
		{19574B39-7BC7-FDB5-88E8-D8D4662A16DF}.Release|Any CPU.Build.0 = Release|Any CPU
	EndGlobalSection
	GlobalSection(SolutionProperties) = preSolution
		HideSolutionNode = FALSE
	EndGlobalSection
EndGlobal
