
Microsoft Visual Studio Solution File, Format Version 12.00
# Visual Studio 2015
Project("{FAE04EC0-301F-11D3-BF4B-00C04F79EFBC}") = "virtualButton", "virtualButton.csproj", "{FBFE1F6C-5982-F5AD-3511-CC64AC8D4D5D}"
EndProject
Project("{FAE04EC0-301F-11D3-BF4B-00C04F79EFBC}") = "virtualButton.Editor", "virtualButton.Editor.csproj", "{D9B388A3-B6F4-9E4E-041E-406EEC0EF6CA}"
EndProject
Global
	GlobalSection(SolutionConfigurationPlatforms) = preSolution
		Debug|Any CPU = Debug|Any CPU
		Release|Any CPU = Release|Any CPU
	EndGlobalSection
	GlobalSection(ProjectConfigurationPlatforms) = postSolution
		{FBFE1F6C-5982-F5AD-3511-CC64AC8D4D5D}.Debug|Any CPU.ActiveCfg = Debug|Any CPU
		{FBFE1F6C-5982-F5AD-3511-CC64AC8D4D5D}.Debug|Any CPU.Build.0 = Debug|Any CPU
		{FBFE1F6C-5982-F5AD-3511-CC64AC8D4D5D}.Release|Any CPU.ActiveCfg = Release|Any CPU
		{FBFE1F6C-5982-F5AD-3511-CC64AC8D4D5D}.Release|Any CPU.Build.0 = Release|Any CPU
		{D9B388A3-B6F4-9E4E-041E-406EEC0EF6CA}.Debug|Any CPU.ActiveCfg = Debug|Any CPU
		{D9B388A3-B6F4-9E4E-041E-406EEC0EF6CA}.Debug|Any CPU.Build.0 = Debug|Any CPU
		{D9B388A3-B6F4-9E4E-041E-406EEC0EF6CA}.Release|Any CPU.ActiveCfg = Release|Any CPU
		{D9B388A3-B6F4-9E4E-041E-406EEC0EF6CA}.Release|Any CPU.Build.0 = Release|Any CPU
	EndGlobalSection
	GlobalSection(SolutionProperties) = preSolution
		HideSolutionNode = FALSE
	EndGlobalSection
EndGlobal
